dependencies:
- name: pgvector
  repository: https://rh-ai-quickstart.github.io/ai-architecture-charts
  version: 0.5.5
- name: llama-stack
  repository: https://rh-ai-quickstart.github.io/ai-architecture-charts
  version: 0.8.7
- name: mcp-servers
  repository: https://rh-ai-quickstart.github.io/ai-architecture-charts
  version: 0.5.17
- name: kafka
  repository: file://charts/kafka
  version: 0.1.0
- name: minio
  repository: file://charts/minio
  version: 0.5.5
- name: gitea
  repository: file://charts/gitea
  version: 0.1.0
- name: lokistack
  repository: file://charts/lokistack
  version: 0.1.0
digest: sha256:a4682746c97a77eadca955e0ee2a84b6ad1d66132dc0c4d83a40577d50c81436
generated: "2026-08-25T13:26:58.867985091+03:00"
