dependencies:
- name: pgvector
  repository: https://rh-ai-quickstart.github.io/ai-architecture-charts
  version: 0.5.5
- name: llama-stack
  repository: https://rh-ai-quickstart.github.io/ai-architecture-charts
  version: 0.8.7
- name: telco
  repository: file://charts/telco
  version: 0.0.1
- name: network
  repository: file://charts/network
  version: 0.0.1
- name: kafka
  repository: file://charts/kafka
  version: 0.1.0
- name: minio
  repository: file://charts/minio
  version: 0.5.5
- name: gitea
  repository: file://charts/gitea
  version: 0.1.0
digest: sha256:b63530d8e4d7abeed571da9604fbe11902b1bcd68bdf2a0a76966cc274d0c2c1
generated: "2026-09-07T16:57:50.226967+02:00"
