dependencies:
- name: pgvector
  repository: https://rh-ai-quickstart.github.io/ai-architecture-charts
  version: 0.5.5
- name: llama-stack
  repository: https://rh-ai-quickstart.github.io/ai-architecture-charts
  version: 0.8.7
- name: mcp-servers
  repository: https://rh-ai-quickstart.github.io/ai-architecture-charts
  version: 0.5.17
- name: kafka
  repository: file://charts/kafka
  version: 0.1.0
- name: minio
  repository: file://charts/minio
  version: 0.5.5
- name: gitea
  repository: file://charts/gitea
  version: 0.1.0
- name: lokistack
  repository: file://charts/lokistack
  version: 0.1.0
digest: sha256:3f7904a98f06da66106625e10de8deca8486fb24dea0ea76e930c3c2276c0046
generated: "2026-08-25T16:03:19.59109068+03:00"
